
Microsoft Visual Studio Solution File, Format Version 12.00
# Visual Studio Version 17
VisualStudioVersion = 17.4.33110.190
MinimumVisualStudioVersion = 10.0.40219.1
Project("{8BC9CEB8-8B4A-11D0-8D11-00A0C91BC942}") = "carryarray", "carryarray\carryarray.vcxproj", "{FDC07E73-8ABD-429A-88D9-A95323CA6E92}"
EndProject
Global
	GlobalSection(SolutionConfigurationPlatforms) = preSolution
		Debug|x64 = Debug|x64
		Debug|x86 = Debug|x86
		Release|x64 = Release|x64
		Release|x86 = Release|x86
	EndGlobalSection
	GlobalSection(ProjectConfigurationPlatforms) = postSolution
		{FDC07E73-8ABD-429A-88D9-A95323CA6E92}.Debug|x64.ActiveCfg = Debug|x64
		{FDC07E73-8ABD-429A-88D9-A95323CA6E92}.Debug|x64.Build.0 = Debug|x64
		{FDC07E73-8ABD-429A-88D9-A95323CA6E92}.Debug|x86.ActiveCfg = Debug|Win32
		{FDC07E73-8ABD-429A-88D9-A95323CA6E92}.Debug|x86.Build.0 = Debug|Win32
		{FDC07E73-8ABD-429A-88D9-A95323CA6E92}.Release|x64.ActiveCfg = Release|x64
		{FDC07E73-8ABD-429A-88D9-A95323CA6E92}.Release|x64.Build.0 = Release|x64
		{FDC07E73-8ABD-429A-88D9-A95323CA6E92}.Release|x86.ActiveCfg = Release|Win32
		{FDC07E73-8ABD-429A-88D9-A95323CA6E92}.Release|x86.Build.0 = Release|Win32
	EndGlobalSection
	GlobalSection(SolutionProperties) = preSolution
		HideSolutionNode = FALSE
	EndGlobalSection
	GlobalSection(ExtensibilityGlobals) = postSolution
		SolutionGuid = {927132E4-0839-45FD-8A72-FCE6DEB5D1C4}
	EndGlobalSection
EndGlobal
